
Microsoft Visual Studio Solution File, Format Version 12.00
# Visual Studio Version 16
VisualStudioVersion = 16.0.31624.102
MinimumVisualStudioVersion = 10.0.40219.1
Project("{FAE04EC0-301F-11D3-BF4B-00C04F79EFBC}") = "59-react_people_table", "59-react_people_table\59-react_people_table.csproj", "{94A02615-7EED-4FE0-A188-D1BE26823615}"
EndProject
Global
	GlobalSection(SolutionConfigurationPlatforms) = preSolution
		Debug|Any CPU = Debug|Any CPU
		Release|Any CPU = Release|Any CPU
	EndGlobalSection
	GlobalSection(ProjectConfigurationPlatforms) = postSolution
		{94A02615-7EED-4FE0-A188-D1BE26823615}.Debug|Any CPU.ActiveCfg = Debug|Any CPU
		{94A02615-7EED-4FE0-A188-D1BE26823615}.Debug|Any CPU.Build.0 = Debug|Any CPU
		{94A02615-7EED-4FE0-A188-D1BE26823615}.Release|Any CPU.ActiveCfg = Release|Any CPU
		{94A02615-7EED-4FE0-A188-D1BE26823615}.Release|Any CPU.Build.0 = Release|Any CPU
	EndGlobalSection
	GlobalSection(SolutionProperties) = preSolution
		HideSolutionNode = FALSE
	EndGlobalSection
	GlobalSection(ExtensibilityGlobals) = postSolution
		SolutionGuid = {855853C3-8510-44EA-969F-FE621DF8D47F}
	EndGlobalSection
EndGlobal
